
Microsoft Visual Studio Solution File, Format Version 12.00
# Visual Studio 15
VisualStudioVersion = 15.0.26730.12
MinimumVisualStudioVersion = 10.0.40219.1
Project("{FAE04EC0-301F-11D3-BF4B-00C04F79EFBC}") = "LinQ", "LinQ\LinQ.csproj", "{783B5226-F240-4F17-8E81-A83F03B86F19}"
EndProject
Global
	GlobalSection(SolutionConfigurationPlatforms) = preSolution
		Debug|Any CPU = Debug|Any CPU
		Release|Any CPU = Release|Any CPU
	EndGlobalSection
	GlobalSection(ProjectConfigurationPlatforms) = postSolution
		{783B5226-F240-4F17-8E81-A83F03B86F19}.Debug|Any CPU.ActiveCfg = Debug|Any CPU
		{783B5226-F240-4F17-8E81-A83F03B86F19}.Debug|Any CPU.Build.0 = Debug|Any CPU
		{783B5226-F240-4F17-8E81-A83F03B86F19}.Release|Any CPU.ActiveCfg = Release|Any CPU
		{783B5226-F240-4F17-8E81-A83F03B86F19}.Release|Any CPU.Build.0 = Release|Any CPU
	EndGlobalSection
	GlobalSection(SolutionProperties) = preSolution
		HideSolutionNode = FALSE
	EndGlobalSection
	GlobalSection(ExtensibilityGlobals) = postSolution
		SolutionGuid = {5C749128-BBFD-4404-84F1-AD8EBA003EFC}
	EndGlobalSection
EndGlobal
